# This file is automatically @generated by Cargo.
# It is not intended for manual editing.
version = 4

[[package]]
name = "akraz-core"
version = "0.1.0"

[[package]]
name = "akraz-daemon"
version = "0.1.0"
dependencies = [
 "akraz-core",
 "akraz-platform",
 "akraz-protocol",
]

[[package]]
name = "akraz-platform"
version = "0.1.0"

[[package]]
name = "akraz-protocol"
version = "0.1.0"
